
Microsoft Visual Studio Solution File, Format Version 12.00
# Visual Studio Version 17
VisualStudioVersion = 17.4.33213.308
MinimumVisualStudioVersion = 10.0.40219.1
Project("{FAE04EC0-301F-11D3-BF4B-00C04F79EFBC}") = "ChallengeAppZadanie5", "ChallengeAppZadanie5\ChallengeAppZadanie5.csproj", "{BAECEDE2-50A2-4DE5-9E8F-AF987AC9A897}"
EndProject
Global
	GlobalSection(SolutionConfigurationPlatforms) = preSolution
		Debug|Any CPU = Debug|Any CPU
		Release|Any CPU = Release|Any CPU
	EndGlobalSection
	GlobalSection(ProjectConfigurationPlatforms) = postSolution
		{BAECEDE2-50A2-4DE5-9E8F-AF987AC9A897}.Debug|Any CPU.ActiveCfg = Debug|Any CPU
		{BAECEDE2-50A2-4DE5-9E8F-AF987AC9A897}.Debug|Any CPU.Build.0 = Debug|Any CPU
		{BAECEDE2-50A2-4DE5-9E8F-AF987AC9A897}.Release|Any CPU.ActiveCfg = Release|Any CPU
		{BAECEDE2-50A2-4DE5-9E8F-AF987AC9A897}.Release|Any CPU.Build.0 = Release|Any CPU
	EndGlobalSection
	GlobalSection(SolutionProperties) = preSolution
		HideSolutionNode = FALSE
	EndGlobalSection
	GlobalSection(ExtensibilityGlobals) = postSolution
		SolutionGuid = {8EACE0ED-05EE-4B9C-B7BD-2963AF2B4D3C}
	EndGlobalSection
EndGlobal
